{
  "name": "napi-rs-canvas-twemoji",
  "version": "0.2.0",
  "lockfileVersion": 2,
  "requires": true,
  "packages": {
    "": {
      "name": "napi-rs-canvas-twemoji",
      "version": "0.2.0",
      "license": "MIT",
      "dependencies": {
        "twemoji": "^14.0.2"
      },
      "devDependencies": {
        "@napi-rs/canvas": "^0.1.28"
      }
    },
    "node_modules/@napi-rs/canvas": {
      "version": "0.1.28",
      "resolved": "https://registry.npmjs.org/@napi-rs/canvas/-/canvas-0.1.28.tgz",
      "integrity": "sha512-Vms24SzBtq1rFkxV3odGymQaEVAmpv7JJQsqb2oQh3qwN3C8LtAQdBFkgFTFdkeI/CGjAQLVBEpW+hx5J1LSGg==",
      "dev": true,
      "engines": {
        "node": ">= 10"
      },
      "optionalDependencies": {
        "@napi-rs/canvas-android-arm64": "0.1.28",
        "@napi-rs/canvas-darwin-arm64": "0.1.28",
        "@napi-rs/canvas-darwin-x64": "0.1.28",
        "@napi-rs/canvas-linux-arm-gnueabihf": "0.1.28",
        "@napi-rs/canvas-linux-arm64-gnu": "0.1.28",
        "@napi-rs/canvas-linux-arm64-musl": "0.1.28",
        "@napi-rs/canvas-linux-x64-gnu": "0.1.28",
        "@napi-rs/canvas-linux-x64-musl": "0.1.28",
        "@napi-rs/canvas-win32-x64-msvc": "0.1.28"
      }
    },
    "node_modules/@napi-rs/canvas-android-arm64": {
      "version": "0.1.28",
      "resolved": "https://registry.npmjs.org/@napi-rs/canvas-android-arm64/-/canvas-android-arm64-0.1.28.tgz",
      "integrity": "sha512-h4gHyvQxFpCOqQWlO1txwewtj3y3U2eZ39vMBL8IvXQMfTiuBBQSlx2TC3qqohw/9BH8D6Mqi+Xw/UY277xkbw==",
      "cpu": [
        "arm64"
      ],
      "dev": true,
      "optional": true,
      "os": [
        "android"
      ],
      "engines": {
        "node": ">= 10"
      }
    },
    "node_modules/@napi-rs/canvas-darwin-arm64": {
      "version": "0.1.28",
      "resolved": "https://registry.npmjs.org/@napi-rs/canvas-darwin-arm64/-/canvas-darwin-arm64-0.1.28.tgz",
      "integrity": "sha512-jrV6molHwDBgHCDjU/xyQ6MpPSYxg38jKQ5VtmZDm7k5NSM3ZDiNlrwAu5DuCD1RKv+kgE/D7hx9iMppI2KUQg==",
      "cpu": [
        "arm64"
      ],
      "dev": true,
      "optional": true,
      "os": [
        "darwin"
      ],
      "engines": {
        "node": ">= 10"
      }
    },
    "node_modules/@napi-rs/canvas-darwin-x64": {
      "version": "0.1.28",
      "resolved": "https://registry.npmjs.org/@napi-rs/canvas-darwin-x64/-/canvas-darwin-x64-0.1.28.tgz",
      "integrity": "sha512-sLQ62lHRZKAer/lVhlD1Sc5xbzm90oTs0Sft1yiq5OA4m8KS54xh/J80yrISQJ2Z/lpcyE+qtNIz9JEy36PnXg==",
      "cpu": [
        "x64"
      ],
      "dev": true,
      "optional": true,
      "os": [
        "darwin"
      ],
      "engines": {
        "node": ">= 10"
      }
    },
    "node_modules/@napi-rs/canvas-linux-arm-gnueabihf": {
      "version": "0.1.28",
      "resolved": "https://registry.npmjs.org/@napi-rs/canvas-linux-arm-gnueabihf/-/canvas-linux-arm-gnueabihf-0.1.28.tgz",
      "integrity": "sha512-pxVntzHS29QE7/3GuuLz5djH9qNiVUtNHAPW77gh2P4qWFHdM7UusEfEe3JtDEf98vb5mFRUR1ag6/ooxx7cbw==",
      "cpu": [
        "arm"
      ],
      "dev": true,
      "optional": true,
      "os": [
        "linux"
      ],
      "engines": {
        "node": ">= 10"
      }
    },
    "node_modules/@napi-rs/canvas-linux-arm64-gnu": {
      "version": "0.1.28",
      "resolved": "https://registry.npmjs.org/@napi-rs/canvas-linux-arm64-gnu/-/canvas-linux-arm64-gnu-0.1.28.tgz",
      "integrity": "sha512-cG3WknvHlGpuafQZ2FwF4g+3/8vlir2S3TU9utAOm+nNFwU+Ugh9giJerIva+9WJsesXLpet+j2nf1F1H7P8tw==",
      "cpu": [
        "arm64"
      ],
      "dev": true,
      "hasInstallScript": true,
      "optional": true,
      "os": [
        "linux"
      ],
      "engines": {
        "node": ">= 10"
      }
    },
    "node_modules/@napi-rs/canvas-linux-arm64-musl": {
      "version": "0.1.28",
      "resolved": "https://registry.npmjs.org/@napi-rs/canvas-linux-arm64-musl/-/canvas-linux-arm64-musl-0.1.28.tgz",
      "integrity": "sha512-DldwjYdrfPyzCzwUYtRFQzPG74kyKlniq5T7WTkaBppS8T9i5AOReqOrflEtBZkREoNOjsLk4dFOvsUXleNX8A==",
      "cpu": [
        "arm64"
      ],
      "dev": true,
      "hasInstallScript": true,
      "optional": true,
      "os": [
        "linux"
      ],
      "engines": {
        "node": ">= 10"
      }
    },
    "node_modules/@napi-rs/canvas-linux-x64-gnu": {
      "version": "0.1.28",
      "resolved": "https://registry.npmjs.org/@napi-rs/canvas-linux-x64-gnu/-/canvas-linux-x64-gnu-0.1.28.tgz",
      "integrity": "sha512-QeDMe0PAb+trBxIII55dfKotHKZKjKQmPFxJCBvYkCUdIYtpJWivNijJBioymD8n1WcNuLLulD0Dvf0vt/jjCA==",
      "cpu": [
        "x64"
      ],
      "dev": true,
      "hasInstallScript": true,
      "optional": true,
      "os": [
        "linux"
      ],
      "engines": {
        "node": ">= 10"
      }
    },
    "node_modules/@napi-rs/canvas-linux-x64-musl": {
      "version": "0.1.28",
      "resolved": "https://registry.npmjs.org/@napi-rs/canvas-linux-x64-musl/-/canvas-linux-x64-musl-0.1.28.tgz",
      "integrity": "sha512-IdOCKvTyPlsyFxC3hHWCr7Y57o1S3jCxnuzdKp0cylzvNSioInzAw4Dl479EuyZQeIoAflwMRwBvv9enB+dsRA==",
      "cpu": [
        "x64"
      ],
      "dev": true,
      "hasInstallScript": true,
      "optional": true,
      "os": [
        "linux"
      ],
      "engines": {
        "node": ">= 10"
      }
    },
    "node_modules/@napi-rs/canvas-win32-x64-msvc": {
      "version": "0.1.28",
      "resolved": "https://registry.npmjs.org/@napi-rs/canvas-win32-x64-msvc/-/canvas-win32-x64-msvc-0.1.28.tgz",
      "integrity": "sha512-UyUHycxB6FENoIVsMlp2VzkPByQ0jRSItZAjBj5i1LDIWEPbD1R8FH1goZOyqpjjj5AQsfZc0m+5qX8SpoVTUQ==",
      "cpu": [
        "x64"
      ],
      "dev": true,
      "optional": true,
      "os": [
        "win32"
      ],
      "engines": {
        "node": ">= 10"
      }
    },
    "node_modules/fs-extra": {
      "version": "8.1.0",
      "resolved": "https://registry.npmjs.org/fs-extra/-/fs-extra-8.1.0.tgz",
      "integrity": "sha512-yhlQgA6mnOJUKOsRUFsgJdQCvkKhcz8tlZG5HBQfReYZy46OwLcY+Zia0mtdHsOo9y/hP+CxMN0TU9QxoOtG4g==",
      "dependencies": {
        "graceful-fs": "^4.2.0",
        "jsonfile": "^4.0.0",
        "universalify": "^0.1.0"
      },
      "engines": {
        "node": ">=6 <7 || >=8"
      }
    },
    "node_modules/fs-extra/node_modules/jsonfile": {
      "version": "4.0.0",
      "resolved": "https://registry.npmjs.org/jsonfile/-/jsonfile-4.0.0.tgz",
      "integrity": "sha1-h3Gq4HmbZAdrdmQPygWPnBDjPss=",
      "dependencies": {
        "graceful-fs": "^4.1.6"
      }
    },
    "node_modules/graceful-fs": {
      "version": "4.2.4",
      "resolved": "https://registry.npmjs.org/graceful-fs/-/graceful-fs-4.2.4.tgz",
      "integrity": "sha512-WjKPNJF79dtJAVniUlGGWHYGz2jWxT6VhN/4m1NdkbZ2nOsEF+cI1Edgql5zCRhs/VsQYRvrXctxktVXZUkixw=="
    },
    "node_modules/jsonfile": {
      "version": "5.0.0",
      "resolved": "https://registry.npmjs.org/jsonfile/-/jsonfile-5.0.0.tgz",
      "integrity": "sha512-NQRZ5CRo74MhMMC3/3r5g2k4fjodJ/wh8MxjFbCViWKFjxrnudWSY5vomh+23ZaXzAS7J3fBZIR2dV6WbmfM0w==",
      "dependencies": {
        "graceful-fs": "^4.1.6",
        "universalify": "^0.1.2"
      }
    },
    "node_modules/twemoji": {
      "version": "14.0.2",
      "resolved": "https://registry.npmjs.org/twemoji/-/twemoji-14.0.2.tgz",
      "integrity": "sha512-BzOoXIe1QVdmsUmZ54xbEH+8AgtOKUiG53zO5vVP2iUu6h5u9lN15NcuS6te4OY96qx0H7JK9vjjl9WQbkTRuA==",
      "dependencies": {
        "fs-extra": "^8.0.1",
        "jsonfile": "^5.0.0",
        "twemoji-parser": "14.0.0",
        "universalify": "^0.1.2"
      }
    },
    "node_modules/twemoji-parser": {
      "version": "14.0.0",
      "resolved": "https://registry.npmjs.org/twemoji-parser/-/twemoji-parser-14.0.0.tgz",
      "integrity": "sha512-9DUOTGLOWs0pFWnh1p6NF+C3CkQ96PWmEFwhOVmT3WbecRC+68AIqpsnJXygfkFcp4aXbOp8Dwbhh/HQgvoRxA=="
    },
    "node_modules/universalify": {
      "version": "0.1.2",
      "resolved": "https://registry.npmjs.org/universalify/-/universalify-0.1.2.tgz",
      "integrity": "sha512-rBJeI5CXAlmy1pV+617WB9J63U6XcazHHF2f2dbJix4XzpUF0RS3Zbj0FGIOCAva5P/d/GBOYaACQ1w+0azUkg==",
      "engines": {
        "node": ">= 4.0.0"
      }
    }
  },
  "dependencies": {
    "@napi-rs/canvas": {
      "version": "0.1.28",
      "resolved": "https://registry.npmjs.org/@napi-rs/canvas/-/canvas-0.1.28.tgz",
      "integrity": "sha512-Vms24SzBtq1rFkxV3odGymQaEVAmpv7JJQsqb2oQh3qwN3C8LtAQdBFkgFTFdkeI/CGjAQLVBEpW+hx5J1LSGg==",
      "dev": true,
      "requires": {
        "@napi-rs/canvas-android-arm64": "0.1.28",
        "@napi-rs/canvas-darwin-arm64": "0.1.28",
        "@napi-rs/canvas-darwin-x64": "0.1.28",
        "@napi-rs/canvas-linux-arm-gnueabihf": "0.1.28",
        "@napi-rs/canvas-linux-arm64-gnu": "0.1.28",
        "@napi-rs/canvas-linux-arm64-musl": "0.1.28",
        "@napi-rs/canvas-linux-x64-gnu": "0.1.28",
        "@napi-rs/canvas-linux-x64-musl": "0.1.28",
        "@napi-rs/canvas-win32-x64-msvc": "0.1.28"
      }
    },
    "@napi-rs/canvas-android-arm64": {
      "version": "0.1.28",
      "resolved": "https://registry.npmjs.org/@napi-rs/canvas-android-arm64/-/canvas-android-arm64-0.1.28.tgz",
      "integrity": "sha512-h4gHyvQxFpCOqQWlO1txwewtj3y3U2eZ39vMBL8IvXQMfTiuBBQSlx2TC3qqohw/9BH8D6Mqi+Xw/UY277xkbw==",
      "dev": true,
      "optional": true
    },
    "@napi-rs/canvas-darwin-arm64": {
      "version": "0.1.28",
      "resolved": "https://registry.npmjs.org/@napi-rs/canvas-darwin-arm64/-/canvas-darwin-arm64-0.1.28.tgz",
      "integrity": "sha512-jrV6molHwDBgHCDjU/xyQ6MpPSYxg38jKQ5VtmZDm7k5NSM3ZDiNlrwAu5DuCD1RKv+kgE/D7hx9iMppI2KUQg==",
      "dev": true,
      "optional": true
    },
    "@napi-rs/canvas-darwin-x64": {
      "version": "0.1.28",
      "resolved": "https://registry.npmjs.org/@napi-rs/canvas-darwin-x64/-/canvas-darwin-x64-0.1.28.tgz",
      "integrity": "sha512-sLQ62lHRZKAer/lVhlD1Sc5xbzm90oTs0Sft1yiq5OA4m8KS54xh/J80yrISQJ2Z/lpcyE+qtNIz9JEy36PnXg==",
      "dev": true,
      "optional": true
    },
    "@napi-rs/canvas-linux-arm-gnueabihf": {
      "version": "0.1.28",
      "resolved": "https://registry.npmjs.org/@napi-rs/canvas-linux-arm-gnueabihf/-/canvas-linux-arm-gnueabihf-0.1.28.tgz",
      "integrity": "sha512-pxVntzHS29QE7/3GuuLz5djH9qNiVUtNHAPW77gh2P4qWFHdM7UusEfEe3JtDEf98vb5mFRUR1ag6/ooxx7cbw==",
      "dev": true,
      "optional": true
    },
    "@napi-rs/canvas-linux-arm64-gnu": {
      "version": "0.1.28",
      "resolved": "https://registry.npmjs.org/@napi-rs/canvas-linux-arm64-gnu/-/canvas-linux-arm64-gnu-0.1.28.tgz",
      "integrity": "sha512-cG3WknvHlGpuafQZ2FwF4g+3/8vlir2S3TU9utAOm+nNFwU+Ugh9giJerIva+9WJsesXLpet+j2nf1F1H7P8tw==",
      "dev": true,
      "optional": true
    },
    "@napi-rs/canvas-linux-arm64-musl": {
      "version": "0.1.28",
      "resolved": "https://registry.npmjs.org/@napi-rs/canvas-linux-arm64-musl/-/canvas-linux-arm64-musl-0.1.28.tgz",
      "integrity": "sha512-DldwjYdrfPyzCzwUYtRFQzPG74kyKlniq5T7WTkaBppS8T9i5AOReqOrflEtBZkREoNOjsLk4dFOvsUXleNX8A==",
      "dev": true,
      "optional": true
    },
    "@napi-rs/canvas-linux-x64-gnu": {
      "version": "0.1.28",
      "resolved": "https://registry.npmjs.org/@napi-rs/canvas-linux-x64-gnu/-/canvas-linux-x64-gnu-0.1.28.tgz",
      "integrity": "sha512-QeDMe0PAb+trBxIII55dfKotHKZKjKQmPFxJCBvYkCUdIYtpJWivNijJBioymD8n1WcNuLLulD0Dvf0vt/jjCA==",
      "dev": true,
      "optional": true
    },
    "@napi-rs/canvas-linux-x64-musl": {
      "version": "0.1.28",
      "resolved": "https://registry.npmjs.org/@napi-rs/canvas-linux-x64-musl/-/canvas-linux-x64-musl-0.1.28.tgz",
      "integrity": "sha512-IdOCKvTyPlsyFxC3hHWCr7Y57o1S3jCxnuzdKp0cylzvNSioInzAw4Dl479EuyZQeIoAflwMRwBvv9enB+dsRA==",
      "dev": true,
      "optional": true
    },
    "@napi-rs/canvas-win32-x64-msvc": {
      "version": "0.1.28",
      "resolved": "https://registry.npmjs.org/@napi-rs/canvas-win32-x64-msvc/-/canvas-win32-x64-msvc-0.1.28.tgz",
      "integrity": "sha512-UyUHycxB6FENoIVsMlp2VzkPByQ0jRSItZAjBj5i1LDIWEPbD1R8FH1goZOyqpjjj5AQsfZc0m+5qX8SpoVTUQ==",
      "dev": true,
      "optional": true
    },
    "fs-extra": {
      "version": "8.1.0",
      "resolved": "https://registry.npmjs.org/fs-extra/-/fs-extra-8.1.0.tgz",
      "integrity": "sha512-yhlQgA6mnOJUKOsRUFsgJdQCvkKhcz8tlZG5HBQfReYZy46OwLcY+Zia0mtdHsOo9y/hP+CxMN0TU9QxoOtG4g==",
      "requires": {
        "graceful-fs": "^4.2.0",
        "jsonfile": "^4.0.0",
        "universalify": "^0.1.0"
      },
      "dependencies": {
        "jsonfile": {
          "version": "4.0.0",
          "resolved": "https://registry.npmjs.org/jsonfile/-/jsonfile-4.0.0.tgz",
          "integrity": "sha1-h3Gq4HmbZAdrdmQPygWPnBDjPss=",
          "requires": {
            "graceful-fs": "^4.1.6"
          }
        }
      }
    },
    "graceful-fs": {
      "version": "4.2.4",
      "resolved": "https://registry.npmjs.org/graceful-fs/-/graceful-fs-4.2.4.tgz",
      "integrity": "sha512-WjKPNJF79dtJAVniUlGGWHYGz2jWxT6VhN/4m1NdkbZ2nOsEF+cI1Edgql5zCRhs/VsQYRvrXctxktVXZUkixw=="
    },
    "jsonfile": {
      "version": "5.0.0",
      "resolved": "https://registry.npmjs.org/jsonfile/-/jsonfile-5.0.0.tgz",
      "integrity": "sha512-NQRZ5CRo74MhMMC3/3r5g2k4fjodJ/wh8MxjFbCViWKFjxrnudWSY5vomh+23ZaXzAS7J3fBZIR2dV6WbmfM0w==",
      "requires": {
        "graceful-fs": "^4.1.6",
        "universalify": "^0.1.2"
      }
    },
    "twemoji": {
      "version": "14.0.2",
      "resolved": "https://registry.npmjs.org/twemoji/-/twemoji-14.0.2.tgz",
      "integrity": "sha512-BzOoXIe1QVdmsUmZ54xbEH+8AgtOKUiG53zO5vVP2iUu6h5u9lN15NcuS6te4OY96qx0H7JK9vjjl9WQbkTRuA==",
      "requires": {
        "fs-extra": "^8.0.1",
        "jsonfile": "^5.0.0",
        "twemoji-parser": "14.0.0",
        "universalify": "^0.1.2"
      }
    },
    "twemoji-parser": {
      "version": "14.0.0",
      "resolved": "https://registry.npmjs.org/twemoji-parser/-/twemoji-parser-14.0.0.tgz",
      "integrity": "sha512-9DUOTGLOWs0pFWnh1p6NF+C3CkQ96PWmEFwhOVmT3WbecRC+68AIqpsnJXygfkFcp4aXbOp8Dwbhh/HQgvoRxA=="
    },
    "universalify": {
      "version": "0.1.2",
      "resolved": "https://registry.npmjs.org/universalify/-/universalify-0.1.2.tgz",
      "integrity": "sha512-rBJeI5CXAlmy1pV+617WB9J63U6XcazHHF2f2dbJix4XzpUF0RS3Zbj0FGIOCAva5P/d/GBOYaACQ1w+0azUkg=="
    }
  }
}
